
Microsoft Visual Studio Solution File, Format Version 12.00
# Visual Studio 15
VisualStudioVersion = 15.0.27703.2047
MinimumVisualStudioVersion = 10.0.40219.1
Project("{888888A0-9F3D-457C-B088-3A5042F75D52}") = "problemsComposer", "problemsComposer\problemsComposer.pyproj", "{CDC7CBBE-9F74-48AC-9415-0641D01E8E82}"
EndProject
Global
	GlobalSection(SolutionConfigurationPlatforms) = preSolution
		Debug|Any CPU = Debug|Any CPU
		Release|Any CPU = Release|Any CPU
	EndGlobalSection
	GlobalSection(ProjectConfigurationPlatforms) = postSolution
		{CDC7CBBE-9F74-48AC-9415-0641D01E8E82}.Debug|Any CPU.ActiveCfg = Debug|Any CPU
		{CDC7CBBE-9F74-48AC-9415-0641D01E8E82}.Release|Any CPU.ActiveCfg = Release|Any CPU
	EndGlobalSection
	GlobalSection(SolutionProperties) = preSolution
		HideSolutionNode = FALSE
	EndGlobalSection
	GlobalSection(ExtensibilityGlobals) = postSolution
		SolutionGuid = {A6E42E86-06B9-4E8B-8EC3-EAF8F4A87DB5}
	EndGlobalSection
EndGlobal
